
Microsoft Visual Studio Solution File, Format Version 12.00
# Visual Studio Version 17
VisualStudioVersion = 17.9.34622.214
MinimumVisualStudioVersion = 10.0.40219.1
Project("{F184B08F-C81C-45F6-A57F-5ABD9991F28F}") = "scotia-outlook-download", "scotia-outlook-download.vbproj", "{F4978F02-EE8A-450A-8B4C-9068F7F41B79}"
EndProject
Global
	GlobalSection(SolutionConfigurationPlatforms) = preSolution
		Debug|Any CPU = Debug|Any CPU
		Release|Any CPU = Release|Any CPU
	EndGlobalSection
	GlobalSection(ProjectConfigurationPlatforms) = postSolution
		{F4978F02-EE8A-450A-8B4C-9068F7F41B79}.Debug|Any CPU.ActiveCfg = Debug|Any CPU
		{F4978F02-EE8A-450A-8B4C-9068F7F41B79}.Debug|Any CPU.Build.0 = Debug|Any CPU
		{F4978F02-EE8A-450A-8B4C-9068F7F41B79}.Release|Any CPU.ActiveCfg = Release|Any CPU
		{F4978F02-EE8A-450A-8B4C-9068F7F41B79}.Release|Any CPU.Build.0 = Release|Any CPU
	EndGlobalSection
	GlobalSection(SolutionProperties) = preSolution
		HideSolutionNode = FALSE
	EndGlobalSection
	GlobalSection(ExtensibilityGlobals) = postSolution
		SolutionGuid = {98F80DCB-51A4-4DE0-8651-38E255E45B6E}
	EndGlobalSection
EndGlobal
